<?xml version="1.0" encoding="utf-8"?>
<Project ToolsVersion="4.0" xmlns="http://schemas.microsoft.com/developer/msbuild/2003">
  <ItemGroup>
    <Filter Include="Source Files">
      <UniqueIdentifier>{4FC737F1-C7A5-4376-A066-2A32D752A2FF}</UniqueIdentifier>
      <Extensions>cpp;c;cc;cxx;c++;cppm;ixx;def;odl;idl;hpj;bat;asm;asmx</Extensions>
    </Filter>
    <Filter Include="Header Files">
      <UniqueIdentifier>{93995380-89BD-4b04-88EB-625FBE52EBFB}</UniqueIdentifier>
      <Extensions>h;hh;hpp;hxx;h++;hm;inl;inc;ipp;xsd</Extensions>
    </Filter>
    <Filter Include="src">
      <UniqueIdentifier>{a1b2c3d4-e5f6-7890-abcd-ef1234567890}</UniqueIdentifier>
    </Filter>
    <Filter Include="src\core">
      <UniqueIdentifier>{b2c3d4e5-f6a7-8901-bcde-f12345678901}</UniqueIdentifier>
    </Filter>
    <Filter Include="src\entry">
      <UniqueIdentifier>{c3d4e5f6-a7b8-9012-cdef-123456789012}</UniqueIdentifier>
    </Filter>
    <Filter Include="src\game">
      <UniqueIdentifier>{d4e5f6a7-b8c9-0123-def0-234567890123}</UniqueIdentifier>
    </Filter>
    <Filter Include="src\features">
      <UniqueIdentifier>{e5f6a7b8-c9d0-1234-ef01-345678901234}</UniqueIdentifier>
    </Filter>
    <Filter Include="src\hooks">
      <UniqueIdentifier>{f6a7b8c9-d0e1-2345-f012-456789012345}</UniqueIdentifier>
    </Filter>
    <Filter Include="src\ui">
      <UniqueIdentifier>{a7b8c9d0-e1f2-3456-0123-567890123456}</UniqueIdentifier>
    </Filter>
    <Filter Include="src\data">
      <UniqueIdentifier>{b8c9d0e1-f2a3-4567-1234-678901234567}</UniqueIdentifier>
    </Filter>
    <Filter Include="src\third_party">
      <UniqueIdentifier>{c9d0e1f2-a3b4-5678-2345-789012345678}</UniqueIdentifier>
    </Filter>
    <Filter Include="sdk">
      <UniqueIdentifier>{d0e1f2a3-b4c5-6789-3456-890123456789}</UniqueIdentifier>
    </Filter>
    <Filter Include="imgui">
      <UniqueIdentifier>{e1f2a3b4-c5d6-7890-4567-901234567890}</UniqueIdentifier>
    </Filter>
    <Filter Include="minhook">
      <UniqueIdentifier>{f2a3b4c5-d6e7-8901-5678-012345678901}</UniqueIdentifier>
    </Filter>
  </ItemGroup>
  <ItemGroup>
    <ClInclude Include="src\core\framework.h">
      <Filter>src\core</Filter>
    </ClInclude>
    <ClInclude Include="src\core\pch.h">
      <Filter>src\core</Filter>
    </ClInclude>
    <ClInclude Include="src\game\game.h">
      <Filter>src\game</Filter>
    </ClInclude>
    <ClInclude Include="src\game\offsets.h">
      <Filter>src\game</Filter>
    </ClInclude>
    <ClInclude Include="src\game\patterns.h">
      <Filter>src\game</Filter>
    </ClInclude>
    <ClInclude Include="src\game\trace.h">
      <Filter>src\game</Filter>
    </ClInclude>
    <ClInclude Include="src\features\aimbot.h">
      <Filter>src\features</Filter>
    </ClInclude>
    <ClInclude Include="src\features\bhop.h">
      <Filter>src\features</Filter>
    </ClInclude>
    <ClInclude Include="src\features\esp.h">
      <Filter>src\features</Filter>
    </ClInclude>
    <ClInclude Include="src\features\skin_changer.h">
      <Filter>src\features</Filter>
    </ClInclude>
    <ClInclude Include="src\features\texture_override.h">
      <Filter>src\features</Filter>
    </ClInclude>
    <ClInclude Include="src\features\tracers.h">
      <Filter>src\features</Filter>
    </ClInclude>
    <ClInclude Include="src\features\triggerbot.h">
      <Filter>src\features</Filter>
    </ClInclude>
    <ClInclude Include="src\hooks\hooks.h">
      <Filter>src\hooks</Filter>
    </ClInclude>
    <ClInclude Include="src\hooks\vmt_hook.h">
      <Filter>src\hooks</Filter>
    </ClInclude>
    <ClInclude Include="src\ui\cookie_icon.h">
      <Filter>src\ui</Filter>
    </ClInclude>
    <ClInclude Include="src\ui\menu.h">
      <Filter>src\ui</Filter>
    </ClInclude>
    <ClInclude Include="src\data\paint_kits.h">
      <Filter>src\data</Filter>
    </ClInclude>
    <ClInclude Include="src\third_party\stb_image.h">
      <Filter>src\third_party</Filter>
    </ClInclude>
    <ClInclude Include="sdk\buttons.hpp">
      <Filter>sdk</Filter>
    </ClInclude>
    <ClInclude Include="sdk\offsets.hpp">
      <Filter>sdk</Filter>
    </ClInclude>
  </ItemGroup>
  <ItemGroup>
    <ClCompile Include="src\entry\dllmain.cpp">
      <Filter>src\entry</Filter>
    </ClCompile>
    <ClCompile Include="src\core\pch.cpp">
      <Filter>src\core</Filter>
    </ClCompile>
    <ClCompile Include="imgui\imgui.cpp">
      <Filter>imgui</Filter>
    </ClCompile>
    <ClCompile Include="imgui\imgui_draw.cpp">
      <Filter>imgui</Filter>
    </ClCompile>
    <ClCompile Include="imgui\imgui_tables.cpp">
      <Filter>imgui</Filter>
    </ClCompile>
    <ClCompile Include="imgui\imgui_widgets.cpp">
      <Filter>imgui</Filter>
    </ClCompile>
    <ClCompile Include="imgui\backends\imgui_impl_dx11.cpp">
      <Filter>imgui</Filter>
    </ClCompile>
    <ClCompile Include="imgui\backends\imgui_impl_win32.cpp">
      <Filter>imgui</Filter>
    </ClCompile>
    <ClCompile Include="minhook\src\hook.c">
      <Filter>minhook</Filter>
    </ClCompile>
    <ClCompile Include="minhook\src\buffer.c">
      <Filter>minhook</Filter>
    </ClCompile>
    <ClCompile Include="minhook\src\trampoline.c">
      <Filter>minhook</Filter>
    </ClCompile>
    <ClCompile Include="minhook\src\hde\hde32.c">
      <Filter>minhook</Filter>
    </ClCompile>
    <ClCompile Include="minhook\src\hde\hde64.c">
      <Filter>minhook</Filter>
    </ClCompile>
  </ItemGroup>
</Project>
